
Microsoft Visual Studio Solution File, Format Version 12.00
# Visual Studio Version 17
VisualStudioVersion = 17.9.34723.18
MinimumVisualStudioVersion = 10.0.40219.1
Project("{FAE04EC0-301F-11D3-BF4B-00C04F79EFBC}") = "Web_SOAP_API", "Web_SOAP_API\Web_SOAP_API.csproj", "{13378BA4-B722-41FF-AE6C-817065831598}"
EndProject
Global
	GlobalSection(SolutionConfigurationPlatforms) = preSolution
		Debug|Any CPU = Debug|Any CPU
		Release|Any CPU = Release|Any CPU
	EndGlobalSection
	GlobalSection(ProjectConfigurationPlatforms) = postSolution
		{13378BA4-B722-41FF-AE6C-817065831598}.Debug|Any CPU.ActiveCfg = Debug|Any CPU
		{13378BA4-B722-41FF-AE6C-817065831598}.Debug|Any CPU.Build.0 = Debug|Any CPU
		{13378BA4-B722-41FF-AE6C-817065831598}.Release|Any CPU.ActiveCfg = Release|Any CPU
		{13378BA4-B722-41FF-AE6C-817065831598}.Release|Any CPU.Build.0 = Release|Any CPU
	EndGlobalSection
	GlobalSection(SolutionProperties) = preSolution
		HideSolutionNode = FALSE
	EndGlobalSection
	GlobalSection(ExtensibilityGlobals) = postSolution
		SolutionGuid = {BA54921A-6334-445D-B44E-79942004D9A7}
	EndGlobalSection
EndGlobal
